{
  "nodes": {
    "nixpkgs": {
      "locked": {
        "lastModified": 1767799921,
        "narHash": "sha256-r4GVX+FToWVE2My8VVZH4V0pTIpnu2ZE8/Z4uxGEMBE=",
        "owner": "NixOS",
        "repo": "nixpkgs",
        "rev": "d351d0653aeb7877273920cd3e823994e7579b0b",
        "type": "github"
      },
      "original": {
        "owner": "NixOS",
        "ref": "nixos-25.11",
        "repo": "nixpkgs",
        "type": "github"
      }
    },
    "npmlock2nix": {
      "flake": false,
      "locked": {
        "lastModified": 1758100811,
        "narHash": "sha256-qJc3ffjHVXUdZqytKcDK9XZ2b3BQ1RdYfZFuYgxbrn4=",
        "owner": "nix-community",
        "repo": "npmlock2nix",
        "rev": "4d9060afbaa5f57ee0b8ef11c7044ed287a7d302",
        "type": "github"
      },
      "original": {
        "owner": "nix-community",
        "repo": "npmlock2nix",
        "rev": "4d9060afbaa5f57ee0b8ef11c7044ed287a7d302",
        "type": "github"
      }
    },
    "root": {
      "inputs": {
        "nixpkgs": "nixpkgs",
        "npmlock2nix": "npmlock2nix",
        "treefmt-nix": "treefmt-nix"
      }
    },
    "treefmt-nix": {
      "inputs": {
        "nixpkgs": [
          "nixpkgs"
        ]
      },
      "locked": {
        "lastModified": 1768031762,
        "narHash": "sha256-b2gJDJfi+TbA7Hu2sKip+1mWqya0GJaWrrXQjpbOVTU=",
        "owner": "numtide",
        "repo": "treefmt-nix",
        "rev": "0c445aa21b01fd1d4bb58927f7b268568af87b20",
        "type": "github"
      },
      "original": {
        "owner": "numtide",
        "repo": "treefmt-nix",
        "type": "github"
      }
    }
  },
  "root": "root",
  "version": 7
}
